
Microsoft Visual Studio Solution File, Format Version 12.00
# Visual Studio Version 17
VisualStudioVersion = 17.0.31903.59
MinimumVisualStudioVersion = 10.0.40219.1
Project("{FAE04EC0-301F-11D3-BF4B-00C04F79EFBC}") = "Fritz.AspirePlaywright.Xunit", "Fritz.AspirePlaywright.Xunit\Fritz.AspirePlaywright.Xunit.csproj", "{60E317CB-B298-421B-8169-9E8873B34E50}"
EndProject
Project("{2150E333-8FDC-42A3-9474-1A3956D46DE8}") = "test", "test", "{0C88DD14-F956-CE84-757C-A364CCF449FC}"
EndProject
Project("{FAE04EC0-301F-11D3-BF4B-00C04F79EFBC}") = "test.ApiService", "test\test.ApiService\test.ApiService.csproj", "{F98EAB13-FAE9-449D-AD66-F925DBCED98E}"
EndProject
Project("{FAE04EC0-301F-11D3-BF4B-00C04F79EFBC}") = "test.AppHost", "test\test.AppHost\test.AppHost.csproj", "{059E572E-45DF-41D8-8A20-68D938148A7D}"
EndProject
Project("{FAE04EC0-301F-11D3-BF4B-00C04F79EFBC}") = "test.ServiceDefaults", "test\test.ServiceDefaults\test.ServiceDefaults.csproj", "{32751E0F-480F-4297-9EF2-4486D389F5A4}"
EndProject
Project("{FAE04EC0-301F-11D3-BF4B-00C04F79EFBC}") = "test.Web", "test\test.Web\test.Web.csproj", "{9C737217-921B-49F8-AB76-422E94891694}"
EndProject
Project("{FAE04EC0-301F-11D3-BF4B-00C04F79EFBC}") = "test.xunit", "test\test.xunit\test.xunit.csproj", "{2AB425C7-D8E6-46FE-84DF-21FC95B8D854}"
EndProject
Global
	GlobalSection(SolutionConfigurationPlatforms) = preSolution
		Debug|Any CPU = Debug|Any CPU
		Debug|x64 = Debug|x64
		Debug|x86 = Debug|x86
		Release|Any CPU = Release|Any CPU
		Release|x64 = Release|x64
		Release|x86 = Release|x86
	EndGlobalSection
	GlobalSection(ProjectConfigurationPlatforms) = postSolution
		{60E317CB-B298-421B-8169-9E8873B34E50}.Debug|Any CPU.ActiveCfg = Debug|Any CPU
		{60E317CB-B298-421B-8169-9E8873B34E50}.Debug|Any CPU.Build.0 = Debug|Any CPU
		{60E317CB-B298-421B-8169-9E8873B34E50}.Debug|x64.ActiveCfg = Debug|Any CPU
		{60E317CB-B298-421B-8169-9E8873B34E50}.Debug|x64.Build.0 = Debug|Any CPU
		{60E317CB-B298-421B-8169-9E8873B34E50}.Debug|x86.ActiveCfg = Debug|Any CPU
		{60E317CB-B298-421B-8169-9E8873B34E50}.Debug|x86.Build.0 = Debug|Any CPU
		{60E317CB-B298-421B-8169-9E8873B34E50}.Release|Any CPU.ActiveCfg = Release|Any CPU
		{60E317CB-B298-421B-8169-9E8873B34E50}.Release|Any CPU.Build.0 = Release|Any CPU
		{60E317CB-B298-421B-8169-9E8873B34E50}.Release|x64.ActiveCfg = Release|Any CPU
		{60E317CB-B298-421B-8169-9E8873B34E50}.Release|x64.Build.0 = Release|Any CPU
		{60E317CB-B298-421B-8169-9E8873B34E50}.Release|x86.ActiveCfg = Release|Any CPU
		{60E317CB-B298-421B-8169-9E8873B34E50}.Release|x86.Build.0 = Release|Any CPU
		{F98EAB13-FAE9-449D-AD66-F925DBCED98E}.Debug|Any CPU.ActiveCfg = Debug|Any CPU
		{F98EAB13-FAE9-449D-AD66-F925DBCED98E}.Debug|Any CPU.Build.0 = Debug|Any CPU
		{F98EAB13-FAE9-449D-AD66-F925DBCED98E}.Debug|x64.ActiveCfg = Debug|Any CPU
		{F98EAB13-FAE9-449D-AD66-F925DBCED98E}.Debug|x64.Build.0 = Debug|Any CPU
		{F98EAB13-FAE9-449D-AD66-F925DBCED98E}.Debug|x86.ActiveCfg = Debug|Any CPU
		{F98EAB13-FAE9-449D-AD66-F925DBCED98E}.Debug|x86.Build.0 = Debug|Any CPU
		{F98EAB13-FAE9-449D-AD66-F925DBCED98E}.Release|Any CPU.ActiveCfg = Release|Any CPU
		{F98EAB13-FAE9-449D-AD66-F925DBCED98E}.Release|Any CPU.Build.0 = Release|Any CPU
		{F98EAB13-FAE9-449D-AD66-F925DBCED98E}.Release|x64.ActiveCfg = Release|Any CPU
		{F98EAB13-FAE9-449D-AD66-F925DBCED98E}.Release|x64.Build.0 = Release|Any CPU
		{F98EAB13-FAE9-449D-AD66-F925DBCED98E}.Release|x86.ActiveCfg = Release|Any CPU
		{F98EAB13-FAE9-449D-AD66-F925DBCED98E}.Release|x86.Build.0 = Release|Any CPU
		{059E572E-45DF-41D8-8A20-68D938148A7D}.Debug|Any CPU.ActiveCfg = Debug|Any CPU
		{059E572E-45DF-41D8-8A20-68D938148A7D}.Debug|Any CPU.Build.0 = Debug|Any CPU
		{059E572E-45DF-41D8-8A20-68D938148A7D}.Debug|x64.ActiveCfg = Debug|Any CPU
		{059E572E-45DF-41D8-8A20-68D938148A7D}.Debug|x64.Build.0 = Debug|Any CPU
		{059E572E-45DF-41D8-8A20-68D938148A7D}.Debug|x86.ActiveCfg = Debug|Any CPU
		{059E572E-45DF-41D8-8A20-68D938148A7D}.Debug|x86.Build.0 = Debug|Any CPU
		{059E572E-45DF-41D8-8A20-68D938148A7D}.Release|Any CPU.ActiveCfg = Release|Any CPU
		{059E572E-45DF-41D8-8A20-68D938148A7D}.Release|Any CPU.Build.0 = Release|Any CPU
		{059E572E-45DF-41D8-8A20-68D938148A7D}.Release|x64.ActiveCfg = Release|Any CPU
		{059E572E-45DF-41D8-8A20-68D938148A7D}.Release|x64.Build.0 = Release|Any CPU
		{059E572E-45DF-41D8-8A20-68D938148A7D}.Release|x86.ActiveCfg = Release|Any CPU
		{059E572E-45DF-41D8-8A20-68D938148A7D}.Release|x86.Build.0 = Release|Any CPU
		{32751E0F-480F-4297-9EF2-4486D389F5A4}.Debug|Any CPU.ActiveCfg = Debug|Any CPU
		{32751E0F-480F-4297-9EF2-4486D389F5A4}.Debug|Any CPU.Build.0 = Debug|Any CPU
		{32751E0F-480F-4297-9EF2-4486D389F5A4}.Debug|x64.ActiveCfg = Debug|Any CPU
		{32751E0F-480F-4297-9EF2-4486D389F5A4}.Debug|x64.Build.0 = Debug|Any CPU
		{32751E0F-480F-4297-9EF2-4486D389F5A4}.Debug|x86.ActiveCfg = Debug|Any CPU
		{32751E0F-480F-4297-9EF2-4486D389F5A4}.Debug|x86.Build.0 = Debug|Any CPU
		{32751E0F-480F-4297-9EF2-4486D389F5A4}.Release|Any CPU.ActiveCfg = Release|Any CPU
		{32751E0F-480F-4297-9EF2-4486D389F5A4}.Release|Any CPU.Build.0 = Release|Any CPU
		{32751E0F-480F-4297-9EF2-4486D389F5A4}.Release|x64.ActiveCfg = Release|Any CPU
		{32751E0F-480F-4297-9EF2-4486D389F5A4}.Release|x64.Build.0 = Release|Any CPU
		{32751E0F-480F-4297-9EF2-4486D389F5A4}.Release|x86.ActiveCfg = Release|Any CPU
		{32751E0F-480F-4297-9EF2-4486D389F5A4}.Release|x86.Build.0 = Release|Any CPU
		{9C737217-921B-49F8-AB76-422E94891694}.Debug|Any CPU.ActiveCfg = Debug|Any CPU
		{9C737217-921B-49F8-AB76-422E94891694}.Debug|Any CPU.Build.0 = Debug|Any CPU
		{9C737217-921B-49F8-AB76-422E94891694}.Debug|x64.ActiveCfg = Debug|Any CPU
		{9C737217-921B-49F8-AB76-422E94891694}.Debug|x64.Build.0 = Debug|Any CPU
		{9C737217-921B-49F8-AB76-422E94891694}.Debug|x86.ActiveCfg = Debug|Any CPU
		{9C737217-921B-49F8-AB76-422E94891694}.Debug|x86.Build.0 = Debug|Any CPU
		{9C737217-921B-49F8-AB76-422E94891694}.Release|Any CPU.ActiveCfg = Release|Any CPU
		{9C737217-921B-49F8-AB76-422E94891694}.Release|Any CPU.Build.0 = Release|Any CPU
		{9C737217-921B-49F8-AB76-422E94891694}.Release|x64.ActiveCfg = Release|Any CPU
		{9C737217-921B-49F8-AB76-422E94891694}.Release|x64.Build.0 = Release|Any CPU
		{9C737217-921B-49F8-AB76-422E94891694}.Release|x86.ActiveCfg = Release|Any CPU
		{9C737217-921B-49F8-AB76-422E94891694}.Release|x86.Build.0 = Release|Any CPU
		{2AB425C7-D8E6-46FE-84DF-21FC95B8D854}.Debug|Any CPU.ActiveCfg = Debug|Any CPU
		{2AB425C7-D8E6-46FE-84DF-21FC95B8D854}.Debug|Any CPU.Build.0 = Debug|Any CPU
		{2AB425C7-D8E6-46FE-84DF-21FC95B8D854}.Debug|x64.ActiveCfg = Debug|Any CPU
		{2AB425C7-D8E6-46FE-84DF-21FC95B8D854}.Debug|x64.Build.0 = Debug|Any CPU
		{2AB425C7-D8E6-46FE-84DF-21FC95B8D854}.Debug|x86.ActiveCfg = Debug|Any CPU
		{2AB425C7-D8E6-46FE-84DF-21FC95B8D854}.Debug|x86.Build.0 = Debug|Any CPU
		{2AB425C7-D8E6-46FE-84DF-21FC95B8D854}.Release|Any CPU.ActiveCfg = Release|Any CPU
		{2AB425C7-D8E6-46FE-84DF-21FC95B8D854}.Release|Any CPU.Build.0 = Release|Any CPU
		{2AB425C7-D8E6-46FE-84DF-21FC95B8D854}.Release|x64.ActiveCfg = Release|Any CPU
		{2AB425C7-D8E6-46FE-84DF-21FC95B8D854}.Release|x64.Build.0 = Release|Any CPU
		{2AB425C7-D8E6-46FE-84DF-21FC95B8D854}.Release|x86.ActiveCfg = Release|Any CPU
		{2AB425C7-D8E6-46FE-84DF-21FC95B8D854}.Release|x86.Build.0 = Release|Any CPU
	EndGlobalSection
	GlobalSection(SolutionProperties) = preSolution
		HideSolutionNode = FALSE
	EndGlobalSection
	GlobalSection(NestedProjects) = preSolution
		{F98EAB13-FAE9-449D-AD66-F925DBCED98E} = {0C88DD14-F956-CE84-757C-A364CCF449FC}
		{059E572E-45DF-41D8-8A20-68D938148A7D} = {0C88DD14-F956-CE84-757C-A364CCF449FC}
		{32751E0F-480F-4297-9EF2-4486D389F5A4} = {0C88DD14-F956-CE84-757C-A364CCF449FC}
		{9C737217-921B-49F8-AB76-422E94891694} = {0C88DD14-F956-CE84-757C-A364CCF449FC}
		{2AB425C7-D8E6-46FE-84DF-21FC95B8D854} = {0C88DD14-F956-CE84-757C-A364CCF449FC}
	EndGlobalSection
EndGlobal
